
Microsoft Visual Studio Solution File, Format Version 11.00
# Visual Studio 2010
Project("{FAE04EC0-301F-11D3-BF4B-00C04F79EFBC}") = "Import", "Import\Import.csproj", "{A0024741-9679-4752-AAB6-6A3BE9FD00F6}"
EndProject
Global
	GlobalSection(SolutionConfigurationPlatforms) = preSolution
		Debug|Any CPU = Debug|Any CPU
		Release|Any CPU = Release|Any CPU
	EndGlobalSection
	GlobalSection(ProjectConfigurationPlatforms) = postSolution
		{A0024741-9679-4752-AAB6-6A3BE9FD00F6}.Debug|Any CPU.ActiveCfg = Debug|Any CPU
		{A0024741-9679-4752-AAB6-6A3BE9FD00F6}.Debug|Any CPU.Build.0 = Debug|Any CPU
		{A0024741-9679-4752-AAB6-6A3BE9FD00F6}.Release|Any CPU.ActiveCfg = Release|Any CPU
		{A0024741-9679-4752-AAB6-6A3BE9FD00F6}.Release|Any CPU.Build.0 = Release|Any CPU
	EndGlobalSection
	GlobalSection(SolutionProperties) = preSolution
		HideSolutionNode = FALSE
	EndGlobalSection
EndGlobal
